
Microsoft Visual Studio Solution File, Format Version 12.00
# Visual Studio Version 16
VisualStudioVersion = 16.0.30128.74
MinimumVisualStudioVersion = 10.0.40219.1
Project("{FAE04EC0-301F-11D3-BF4B-00C04F79EFBC}") = "Pericles", "Pericles\Pericles.csproj", "{01483089-2E16-4133-A702-3D92ADDE33CA}"
EndProject
Global
	GlobalSection(SolutionConfigurationPlatforms) = preSolution
		Debug|Any CPU = Debug|Any CPU
		Release|Any CPU = Release|Any CPU
	EndGlobalSection
	GlobalSection(ProjectConfigurationPlatforms) = postSolution
		{01483089-2E16-4133-A702-3D92ADDE33CA}.Debug|Any CPU.ActiveCfg = Debug|Any CPU
		{01483089-2E16-4133-A702-3D92ADDE33CA}.Debug|Any CPU.Build.0 = Debug|Any CPU
		{01483089-2E16-4133-A702-3D92ADDE33CA}.Release|Any CPU.ActiveCfg = Release|Any CPU
		{01483089-2E16-4133-A702-3D92ADDE33CA}.Release|Any CPU.Build.0 = Release|Any CPU
	EndGlobalSection
	GlobalSection(SolutionProperties) = preSolution
		HideSolutionNode = FALSE
	EndGlobalSection
	GlobalSection(ExtensibilityGlobals) = postSolution
		SolutionGuid = {39585C5A-F77D-4F0B-AFFF-4CDDA5B0D66D}
	EndGlobalSection
EndGlobal
